// !$*UTF8*$!
{
	archiveVersion = 1;
	classes = {
	};
	objectVersion = 56;
	objects = {

/* Begin PBXBuildFile section */
		A4521AD028E4C6D7007DE61E /* AfricaApp.swift in Sources */ = {isa = PBXBuildFile; fileRef = A4521ACF28E4C6D7007DE61E /* AfricaApp.swift */; };
		A4521AD228E4C6D7007DE61E /* ContentView.swift in Sources */ = {isa = PBXBuildFile; fileRef = A4521AD128E4C6D7007DE61E /* ContentView.swift */; };
		A4521AD428E4C6D8007DE61E /* Assets.xcassets in Resources */ = {isa = PBXBuildFile; fileRef = A4521AD328E4C6D8007DE61E /* Assets.xcassets */; };
		A4521AD728E4C6D8007DE61E /* Preview Assets.xcassets in Resources */ = {isa = PBXBuildFile; fileRef = A4521AD628E4C6D8007DE61E /* Preview Assets.xcassets */; };
		A4521AE828E4C824007DE61E /* lioness.mp4 in Resources */ = {isa = PBXBuildFile; fileRef = A4521ADE28E4C822007DE61E /* lioness.mp4 */; };
		A4521AE928E4C824007DE61E /* giraffe.mp4 in Resources */ = {isa = PBXBuildFile; fileRef = A4521ADF28E4C822007DE61E /* giraffe.mp4 */; };
		A4521AEA28E4C824007DE61E /* rhino.mp4 in Resources */ = {isa = PBXBuildFile; fileRef = A4521AE028E4C823007DE61E /* rhino.mp4 */; };
		A4521AEB28E4C824007DE61E /* zebra.mp4 in Resources */ = {isa = PBXBuildFile; fileRef = A4521AE128E4C823007DE61E /* zebra.mp4 */; };
		A4521AEC28E4C824007DE61E /* cheetah.mp4 in Resources */ = {isa = PBXBuildFile; fileRef = A4521AE228E4C823007DE61E /* cheetah.mp4 */; };
		A4521AED28E4C824007DE61E /* ostrich.mp4 in Resources */ = {isa = PBXBuildFile; fileRef = A4521AE328E4C823007DE61E /* ostrich.mp4 */; };
		A4521AEE28E4C824007DE61E /* gorilla.mp4 in Resources */ = {isa = PBXBuildFile; fileRef = A4521AE428E4C823007DE61E /* gorilla.mp4 */; };
		A4521AEF28E4C824007DE61E /* hippo.mp4 in Resources */ = {isa = PBXBuildFile; fileRef = A4521AE528E4C824007DE61E /* hippo.mp4 */; };
		A4521AF028E4C824007DE61E /* elephant.mp4 in Resources */ = {isa = PBXBuildFile; fileRef = A4521AE628E4C824007DE61E /* elephant.mp4 */; };
		A4521AF128E4C824007DE61E /* lion.mp4 in Resources */ = {isa = PBXBuildFile; fileRef = A4521AE728E4C824007DE61E /* lion.mp4 */; };
		A4521AF728E4C870007DE61E /* animals.json in Resources */ = {isa = PBXBuildFile; fileRef = A4521AF328E4C870007DE61E /* animals.json */; };
		A4521AF828E4C870007DE61E /* covers.json in Resources */ = {isa = PBXBuildFile; fileRef = A4521AF428E4C870007DE61E /* covers.json */; };
		A4521AF928E4C870007DE61E /* videos.json in Resources */ = {isa = PBXBuildFile; fileRef = A4521AF528E4C870007DE61E /* videos.json */; };
		A4521AFA28E4C870007DE61E /* locations.json in Resources */ = {isa = PBXBuildFile; fileRef = A4521AF628E4C870007DE61E /* locations.json */; };
		A4521AFF28E4CA6F007DE61E /* VideoListView.swift in Sources */ = {isa = PBXBuildFile; fileRef = A4521AFE28E4CA6F007DE61E /* VideoListView.swift */; };
		A4521B0128E4CA76007DE61E /* MapView.swift in Sources */ = {isa = PBXBuildFile; fileRef = A4521B0028E4CA76007DE61E /* MapView.swift */; };
		A4521B0328E4CA7F007DE61E /* GalleryView.swift in Sources */ = {isa = PBXBuildFile; fileRef = A4521B0228E4CA7F007DE61E /* GalleryView.swift */; };
		A4521B0528E4CA84007DE61E /* MainView.swift in Sources */ = {isa = PBXBuildFile; fileRef = A4521B0428E4CA84007DE61E /* MainView.swift */; };
		A4521B0A28E4D5A7007DE61E /* CoverImageView.swift in Sources */ = {isa = PBXBuildFile; fileRef = A4521B0928E4D5A7007DE61E /* CoverImageView.swift */; };
		A4521B0D28E4D701007DE61E /* CoverImageModel.swift in Sources */ = {isa = PBXBuildFile; fileRef = A4521B0C28E4D701007DE61E /* CoverImageModel.swift */; };
		A4521B1028E57033007DE61E /* CodableBundleExtension.swift in Sources */ = {isa = PBXBuildFile; fileRef = A4521B0F28E57033007DE61E /* CodableBundleExtension.swift */; };
		A4521B1228E57715007DE61E /* AnimalListItemView.swift in Sources */ = {isa = PBXBuildFile; fileRef = A4521B1128E57715007DE61E /* AnimalListItemView.swift */; };
		A4521B1428E57895007DE61E /* AnimalModel.swift in Sources */ = {isa = PBXBuildFile; fileRef = A4521B1328E57895007DE61E /* AnimalModel.swift */; };
		A4521B1628E589EA007DE61E /* AnimalDetailView.swift in Sources */ = {isa = PBXBuildFile; fileRef = A4521B1528E589EA007DE61E /* AnimalDetailView.swift */; };
		A4521B1828E58C79007DE61E /* HeadingView.swift in Sources */ = {isa = PBXBuildFile; fileRef = A4521B1728E58C79007DE61E /* HeadingView.swift */; };
		A4521B1A28E58D76007DE61E /* InsertGalleryView.swift in Sources */ = {isa = PBXBuildFile; fileRef = A4521B1928E58D76007DE61E /* InsertGalleryView.swift */; };
		A4521B1C28E5A57F007DE61E /* InsetFactView.swift in Sources */ = {isa = PBXBuildFile; fileRef = A4521B1B28E5A57F007DE61E /* InsetFactView.swift */; };
		A4521B1E28E5ABB7007DE61E /* InsetMapView.swift in Sources */ = {isa = PBXBuildFile; fileRef = A4521B1D28E5ABB7007DE61E /* InsetMapView.swift */; };
		A4521B2028E5AFC1007DE61E /* ExternalWeblinkView.swift in Sources */ = {isa = PBXBuildFile; fileRef = A4521B1F28E5AFC1007DE61E /* ExternalWeblinkView.swift */; };
		A4521B2228E5C318007DE61E /* VideoModel.swift in Sources */ = {isa = PBXBuildFile; fileRef = A4521B2128E5C318007DE61E /* VideoModel.swift */; };
		A4521B2428E5C353007DE61E /* VideoListItemView.swift in Sources */ = {isa = PBXBuildFile; fileRef = A4521B2328E5C353007DE61E /* VideoListItemView.swift */; };
/* End PBXBuildFile section */

/* Begin PBXFileReference section */
		A4521ACC28E4C6D7007DE61E /* Africa.app */ = {isa = PBXFileReference; explicitFileType = wrapper.application; includeInIndex = 0; path = Africa.app; sourceTree = BUILT_PRODUCTS_DIR; };
		A4521ACF28E4C6D7007DE61E /* AfricaApp.swift */ = {isa = PBXFileReference; lastKnownFileType = sourcecode.swift; path = AfricaApp.swift; sourceTree = "<group>"; };
		A4521AD128E4C6D7007DE61E /* ContentView.swift */ = {isa = PBXFileReference; lastKnownFileType = sourcecode.swift; path = ContentView.swift; sourceTree = "<group>"; };
		A4521AD328E4C6D8007DE61E /* Assets.xcassets */ = {isa = PBXFileReference; lastKnownFileType = folder.assetcatalog; path = Assets.xcassets; sourceTree = "<group>"; };
		A4521AD628E4C6D8007DE61E /* Preview Assets.xcassets */ = {isa = PBXFileReference; lastKnownFileType = folder.assetcatalog; path = "Preview Assets.xcassets"; sourceTree = "<group>"; };
		A4521ADE28E4C822007DE61E /* lioness.mp4 */ = {isa = PBXFileReference; lastKnownFileType = file; path = lioness.mp4; sourceTree = "<group>"; };
		A4521ADF28E4C822007DE61E /* giraffe.mp4 */ = {isa = PBXFileReference; lastKnownFileType = file; path = giraffe.mp4; sourceTree = "<group>"; };
		A4521AE028E4C823007DE61E /* rhino.mp4 */ = {isa = PBXFileReference; lastKnownFileType = file; path = rhino.mp4; sourceTree = "<group>"; };
		A4521AE128E4C823007DE61E /* zebra.mp4 */ = {isa = PBXFileReference; lastKnownFileType = file; path = zebra.mp4; sourceTree = "<group>"; };
		A4521AE228E4C823007DE61E /* cheetah.mp4 */ = {isa = PBXFileReference; lastKnownFileType = file; path = cheetah.mp4; sourceTree = "<group>"; };
		A4521AE328E4C823007DE61E /* ostrich.mp4 */ = {isa = PBXFileReference; lastKnownFileType = file; path = ostrich.mp4; sourceTree = "<group>"; };
		A4521AE428E4C823007DE61E /* gorilla.mp4 */ = {isa = PBXFileReference; lastKnownFileType = file; path = gorilla.mp4; sourceTree = "<group>"; };
		A4521AE528E4C824007DE61E /* hippo.mp4 */ = {isa = PBXFileReference; lastKnownFileType = file; path = hippo.mp4; sourceTree = "<group>"; };
		A4521AE628E4C824007DE61E /* elephant.mp4 */ = {isa = PBXFileReference; lastKnownFileType = file; path = elephant.mp4; sourceTree = "<group>"; };
		A4521AE728E4C824007DE61E /* lion.mp4 */ = {isa = PBXFileReference; lastKnownFileType = file; path = lion.mp4; sourceTree = "<group>"; };
		A4521AF328E4C870007DE61E /* animals.json */ = {isa = PBXFileReference; fileEncoding = 4; lastKnownFileType = text.json; path = animals.json; sourceTree = "<group>"; };
		A4521AF428E4C870007DE61E /* covers.json */ = {isa = PBXFileReference; fileEncoding = 4; lastKnownFileType = text.json; path = covers.json; sourceTree = "<group>"; };
		A4521AF528E4C870007DE61E /* videos.json */ = {isa = PBXFileReference; fileEncoding = 4; lastKnownFileType = text.json; path = videos.json; sourceTree = "<group>"; };
		A4521AF628E4C870007DE61E /* locations.json */ = {isa = PBXFileReference; fileEncoding = 4; lastKnownFileType = text.json; path = locations.json; sourceTree = "<group>"; };
		A4521AFB28E4C911007DE61E /* Info.plist */ = {isa = PBXFileReference; lastKnownFileType = text.plist; path = Info.plist; sourceTree = "<group>"; };
		A4521AFE28E4CA6F007DE61E /* VideoListView.swift */ = {isa = PBXFileReference; lastKnownFileType = sourcecode.swift; path = VideoListView.swift; sourceTree = "<group>"; };
		A4521B0028E4CA76007DE61E /* MapView.swift */ = {isa = PBXFileReference; lastKnownFileType = sourcecode.swift; path = MapView.swift; sourceTree = "<group>"; };
		A4521B0228E4CA7F007DE61E /* GalleryView.swift */ = {isa = PBXFileReference; lastKnownFileType = sourcecode.swift; path = GalleryView.swift; sourceTree = "<group>"; };
		A4521B0428E4CA84007DE61E /* MainView.swift */ = {isa = PBXFileReference; lastKnownFileType = sourcecode.swift; path = MainView.swift; sourceTree = "<group>"; };
		A4521B0928E4D5A7007DE61E /* CoverImageView.swift */ = {isa = PBXFileReference; lastKnownFileType = sourcecode.swift; path = CoverImageView.swift; sourceTree = "<group>"; };
		A4521B0C28E4D701007DE61E /* CoverImageModel.swift */ = {isa = PBXFileReference; lastKnownFileType = sourcecode.swift; path = CoverImageModel.swift; sourceTree = "<group>"; };
		A4521B0F28E57033007DE61E /* CodableBundleExtension.swift */ = {isa = PBXFileReference; lastKnownFileType = sourcecode.swift; path = CodableBundleExtension.swift; sourceTree = "<group>"; };
		A4521B1128E57715007DE61E /* AnimalListItemView.swift */ = {isa = PBXFileReference; lastKnownFileType = sourcecode.swift; path = AnimalListItemView.swift; sourceTree = "<group>"; };
		A4521B1328E57895007DE61E /* AnimalModel.swift */ = {isa = PBXFileReference; lastKnownFileType = sourcecode.swift; path = AnimalModel.swift; sourceTree = "<group>"; };
		A4521B1528E589EA007DE61E /* AnimalDetailView.swift */ = {isa = PBXFileReference; lastKnownFileType = sourcecode.swift; path = AnimalDetailView.swift; sourceTree = "<group>"; };
		A4521B1728E58C79007DE61E /* HeadingView.swift */ = {isa = PBXFileReference; lastKnownFileType = sourcecode.swift; path = HeadingView.swift; sourceTree = "<group>"; };
		A4521B1928E58D76007DE61E /* InsertGalleryView.swift */ = {isa = PBXFileReference; lastKnownFileType = sourcecode.swift; path = InsertGalleryView.swift; sourceTree = "<group>"; };
		A4521B1B28E5A57F007DE61E /* InsetFactView.swift */ = {isa = PBXFileReference; lastKnownFileType = sourcecode.swift; path = InsetFactView.swift; sourceTree = "<group>"; };
		A4521B1D28E5ABB7007DE61E /* InsetMapView.swift */ = {isa = PBXFileReference; lastKnownFileType = sourcecode.swift; path = InsetMapView.swift; sourceTree = "<group>"; };
		A4521B1F28E5AFC1007DE61E /* ExternalWeblinkView.swift */ = {isa = PBXFileReference; lastKnownFileType = sourcecode.swift; path = ExternalWeblinkView.swift; sourceTree = "<group>"; };
		A4521B2128E5C318007DE61E /* VideoModel.swift */ = {isa = PBXFileReference; lastKnownFileType = sourcecode.swift; path = VideoModel.swift; sourceTree = "<group>"; };
		A4521B2328E5C353007DE61E /* VideoListItemView.swift */ = {isa = PBXFileReference; lastKnownFileType = sourcecode.swift; path = VideoListItemView.swift; sourceTree = "<group>"; };
/* End PBXFileReference section */

/* Begin PBXFrameworksBuildPhase section */
		A4521AC928E4C6D7007DE61E /* Frameworks */ = {
			isa = PBXFrameworksBuildPhase;
			buildActionMask = 2147483647;
			files = (
			);
			runOnlyForDeploymentPostprocessing = 0;
		};
/* End PBXFrameworksBuildPhase section */

/* Begin PBXGroup section */
		A4521AC328E4C6D7007DE61E = {
			isa = PBXGroup;
			children = (
				A4521ACE28E4C6D7007DE61E /* Africa */,
				A4521ACD28E4C6D7007DE61E /* Products */,
			);
			sourceTree = "<group>";
		};
		A4521ACD28E4C6D7007DE61E /* Products */ = {
			isa = PBXGroup;
			children = (
				A4521ACC28E4C6D7007DE61E /* Africa.app */,
			);
			name = Products;
			sourceTree = "<group>";
		};
		A4521ACE28E4C6D7007DE61E /* Africa */ = {
			isa = PBXGroup;
			children = (
				A4521AFD28E4CA12007DE61E /* App */,
				A4521B0628E4D547007DE61E /* View */,
				A4521B0E28E5701F007DE61E /* Extension */,
				A4521B0B28E4D6F2007DE61E /* Model */,
				A4521AF228E4C859007DE61E /* Data */,
				A4521ADD28E4C7DB007DE61E /* Video */,
				A4521AD328E4C6D8007DE61E /* Assets.xcassets */,
				A4521AFB28E4C911007DE61E /* Info.plist */,
				A4521AD528E4C6D8007DE61E /* Preview Content */,
			);
			path = Africa;
			sourceTree = "<group>";
		};
		A4521AD528E4C6D8007DE61E /* Preview Content */ = {
			isa = PBXGroup;
			children = (
				A4521AD628E4C6D8007DE61E /* Preview Assets.xcassets */,
			);
			path = "Preview Content";
			sourceTree = "<group>";
		};
		A4521ADD28E4C7DB007DE61E /* Video */ = {
			isa = PBXGroup;
			children = (
				A4521AE228E4C823007DE61E /* cheetah.mp4 */,
				A4521AE628E4C824007DE61E /* elephant.mp4 */,
				A4521ADF28E4C822007DE61E /* giraffe.mp4 */,
				A4521AE428E4C823007DE61E /* gorilla.mp4 */,
				A4521AE528E4C824007DE61E /* hippo.mp4 */,
				A4521AE728E4C824007DE61E /* lion.mp4 */,
				A4521ADE28E4C822007DE61E /* lioness.mp4 */,
				A4521AE328E4C823007DE61E /* ostrich.mp4 */,
				A4521AE028E4C823007DE61E /* rhino.mp4 */,
				A4521AE128E4C823007DE61E /* zebra.mp4 */,
			);
			path = Video;
			sourceTree = "<group>";
		};
		A4521AF228E4C859007DE61E /* Data */ = {
			isa = PBXGroup;
			children = (
				A4521AF328E4C870007DE61E /* animals.json */,
				A4521AF428E4C870007DE61E /* covers.json */,
				A4521AF628E4C870007DE61E /* locations.json */,
				A4521AF528E4C870007DE61E /* videos.json */,
			);
			path = Data;
			sourceTree = "<group>";
		};
		A4521AFD28E4CA12007DE61E /* App */ = {
			isa = PBXGroup;
			children = (
				A4521ACF28E4C6D7007DE61E /* AfricaApp.swift */,
				A4521AD128E4C6D7007DE61E /* ContentView.swift */,
				A4521AFE28E4CA6F007DE61E /* VideoListView.swift */,
				A4521B0028E4CA76007DE61E /* MapView.swift */,
				A4521B0228E4CA7F007DE61E /* GalleryView.swift */,
				A4521B0428E4CA84007DE61E /* MainView.swift */,
			);
			path = App;
			sourceTree = "<group>";
		};
		A4521B0628E4D547007DE61E /* View */ = {
			isa = PBXGroup;
			children = (
				A4521B0928E4D5A7007DE61E /* CoverImageView.swift */,
				A4521B1128E57715007DE61E /* AnimalListItemView.swift */,
				A4521B1528E589EA007DE61E /* AnimalDetailView.swift */,
				A4521B1728E58C79007DE61E /* HeadingView.swift */,
				A4521B1928E58D76007DE61E /* InsertGalleryView.swift */,
				A4521B1B28E5A57F007DE61E /* InsetFactView.swift */,
				A4521B1D28E5ABB7007DE61E /* InsetMapView.swift */,
				A4521B1F28E5AFC1007DE61E /* ExternalWeblinkView.swift */,
				A4521B2328E5C353007DE61E /* VideoListItemView.swift */,
			);
			path = View;
			sourceTree = "<group>";
		};
		A4521B0B28E4D6F2007DE61E /* Model */ = {
			isa = PBXGroup;
			children = (
				A4521B0C28E4D701007DE61E /* CoverImageModel.swift */,
				A4521B1328E57895007DE61E /* AnimalModel.swift */,
				A4521B2128E5C318007DE61E /* VideoModel.swift */,
			);
			path = Model;
			sourceTree = "<group>";
		};
		A4521B0E28E5701F007DE61E /* Extension */ = {
			isa = PBXGroup;
			children = (
				A4521B0F28E57033007DE61E /* CodableBundleExtension.swift */,
			);
			path = Extension;
			sourceTree = "<group>";
		};
/* End PBXGroup section */

/* Begin PBXNativeTarget section */
		A4521ACB28E4C6D7007DE61E /* Africa */ = {
			isa = PBXNativeTarget;
			buildConfigurationList = A4521ADA28E4C6D8007DE61E /* Build configuration list for PBXNativeTarget "Africa" */;
			buildPhases = (
				A4521AC828E4C6D7007DE61E /* Sources */,
				A4521AC928E4C6D7007DE61E /* Frameworks */,
				A4521ACA28E4C6D7007DE61E /* Resources */,
			);
			buildRules = (
			);
			dependencies = (
			);
			name = Africa;
			productName = Africa;
			productReference = A4521ACC28E4C6D7007DE61E /* Africa.app */;
			productType = "com.apple.product-type.application";
		};
/* End PBXNativeTarget section */

/* Begin PBXProject section */
		A4521AC428E4C6D7007DE61E /* Project object */ = {
			isa = PBXProject;
			attributes = {
				BuildIndependentTargetsInParallel = 1;
				LastSwiftUpdateCheck = 1400;
				LastUpgradeCheck = 1400;
				TargetAttributes = {
					A4521ACB28E4C6D7007DE61E = {
						CreatedOnToolsVersion = 14.0.1;
					};
				};
			};
			buildConfigurationList = A4521AC728E4C6D7007DE61E /* Build configuration list for PBXProject "Africa" */;
			compatibilityVersion = "Xcode 14.0";
			developmentRegion = en;
			hasScannedForEncodings = 0;
			knownRegions = (
				en,
				Base,
			);
			mainGroup = A4521AC328E4C6D7007DE61E;
			productRefGroup = A4521ACD28E4C6D7007DE61E /* Products */;
			projectDirPath = "";
			projectRoot = "";
			targets = (
				A4521ACB28E4C6D7007DE61E /* Africa */,
			);
		};
/* End PBXProject section */

/* Begin PBXResourcesBuildPhase section */
		A4521ACA28E4C6D7007DE61E /* Resources */ = {
			isa = PBXResourcesBuildPhase;
			buildActionMask = 2147483647;
			files = (
				A4521AEF28E4C824007DE61E /* hippo.mp4 in Resources */,
				A4521AF128E4C824007DE61E /* lion.mp4 in Resources */,
				A4521AFA28E4C870007DE61E /* locations.json in Resources */,
				A4521AF928E4C870007DE61E /* videos.json in Resources */,
				A4521AD728E4C6D8007DE61E /* Preview Assets.xcassets in Resources */,
				A4521AEE28E4C824007DE61E /* gorilla.mp4 in Resources */,
				A4521AD428E4C6D8007DE61E /* Assets.xcassets in Resources */,
				A4521AE928E4C824007DE61E /* giraffe.mp4 in Resources */,
				A4521AEA28E4C824007DE61E /* rhino.mp4 in Resources */,
				A4521AF828E4C870007DE61E /* covers.json in Resources */,
				A4521AF728E4C870007DE61E /* animals.json in Resources */,
				A4521AEB28E4C824007DE61E /* zebra.mp4 in Resources */,
				A4521AE828E4C824007DE61E /* lioness.mp4 in Resources */,
				A4521AED28E4C824007DE61E /* ostrich.mp4 in Resources */,
				A4521AEC28E4C824007DE61E /* cheetah.mp4 in Resources */,
				A4521AF028E4C824007DE61E /* elephant.mp4 in Resources */,
			);
			runOnlyForDeploymentPostprocessing = 0;
		};
/* End PBXResourcesBuildPhase section */

/* Begin PBXSourcesBuildPhase section */
		A4521AC828E4C6D7007DE61E /* Sources */ = {
			isa = PBXSourcesBuildPhase;
			buildActionMask = 2147483647;
			files = (
				A4521B2028E5AFC1007DE61E /* ExternalWeblinkView.swift in Sources */,
				A4521AD228E4C6D7007DE61E /* ContentView.swift in Sources */,
				A4521B1228E57715007DE61E /* AnimalListItemView.swift in Sources */,
				A4521B0528E4CA84007DE61E /* MainView.swift in Sources */,
				A4521B1C28E5A57F007DE61E /* InsetFactView.swift in Sources */,
				A4521B0128E4CA76007DE61E /* MapView.swift in Sources */,
				A4521B0D28E4D701007DE61E /* CoverImageModel.swift in Sources */,
				A4521B1628E589EA007DE61E /* AnimalDetailView.swift in Sources */,
				A4521B1428E57895007DE61E /* AnimalModel.swift in Sources */,
				A4521AD028E4C6D7007DE61E /* AfricaApp.swift in Sources */,
				A4521B1E28E5ABB7007DE61E /* InsetMapView.swift in Sources */,
				A4521AFF28E4CA6F007DE61E /* VideoListView.swift in Sources */,
				A4521B0A28E4D5A7007DE61E /* CoverImageView.swift in Sources */,
				A4521B2228E5C318007DE61E /* VideoModel.swift in Sources */,
				A4521B0328E4CA7F007DE61E /* GalleryView.swift in Sources */,
				A4521B1028E57033007DE61E /* CodableBundleExtension.swift in Sources */,
				A4521B2428E5C353007DE61E /* VideoListItemView.swift in Sources */,
				A4521B1A28E58D76007DE61E /* InsertGalleryView.swift in Sources */,
				A4521B1828E58C79007DE61E /* HeadingView.swift in Sources */,
			);
			runOnlyForDeploymentPostprocessing = 0;
		};
/* End PBXSourcesBuildPhase section */

/* Begin XCBuildConfiguration section */
		A4521AD828E4C6D8007DE61E /* Debug */ = {
			isa = XCBuildConfiguration;
			buildSettings = {
				ALWAYS_SEARCH_USER_PATHS = NO;
				CLANG_ANALYZER_NONNULL = YES;
				CLANG_ANALYZER_NUMBER_OBJECT_CONVERSION = YES_AGGRESSIVE;
				CLANG_CXX_LANGUAGE_STANDARD = "gnu++20";
				CLANG_ENABLE_MODULES = YES;
				CLANG_ENABLE_OBJC_ARC = YES;
				CLANG_ENABLE_OBJC_WEAK = YES;
				CLANG_WARN_BLOCK_CAPTURE_AUTORELEASING = YES;
				CLANG_WARN_BOOL_CONVERSION = YES;
				CLANG_WARN_COMMA = YES;
				CLANG_WARN_CONSTANT_CONVERSION = YES;
				CLANG_WARN_DEPRECATED_OBJC_IMPLEMENTATIONS = YES;
				CLANG_WARN_DIRECT_OBJC_ISA_USAGE = YES_ERROR;
				CLANG_WARN_DOCUMENTATION_COMMENTS = YES;
				CLANG_WARN_EMPTY_BODY = YES;
				CLANG_WARN_ENUM_CONVERSION = YES;
				CLANG_WARN_INFINITE_RECURSION = YES;
				CLANG_WARN_INT_CONVERSION = YES;
				CLANG_WARN_NON_LITERAL_NULL_CONVERSION = YES;
				CLANG_WARN_OBJC_IMPLICIT_RETAIN_SELF = YES;
				CLANG_WARN_OBJC_LITERAL_CONVERSION = YES;
				CLANG_WARN_OBJC_ROOT_CLASS = YES_ERROR;
				CLANG_WARN_QUOTED_INCLUDE_IN_FRAMEWORK_HEADER = YES;
				CLANG_WARN_RANGE_LOOP_ANALYSIS = YES;
				CLANG_WARN_STRICT_PROTOTYPES = YES;
				CLANG_WARN_SUSPICIOUS_MOVE = YES;
				CLANG_WARN_UNGUARDED_AVAILABILITY = YES_AGGRESSIVE;
				CLANG_WARN_UNREACHABLE_CODE = YES;
				CLANG_WARN__DUPLICATE_METHOD_MATCH = YES;
				COPY_PHASE_STRIP = NO;
				DEBUG_INFORMATION_FORMAT = dwarf;
				ENABLE_STRICT_OBJC_MSGSEND = YES;
				ENABLE_TESTABILITY = YES;
				GCC_C_LANGUAGE_STANDARD = gnu11;
				GCC_DYNAMIC_NO_PIC = NO;
				GCC_NO_COMMON_BLOCKS = YES;
				GCC_OPTIMIZATION_LEVEL = 0;
				GCC_PREPROCESSOR_DEFINITIONS = (
					"DEBUG=1",
					"$(inherited)",
				);
				GCC_WARN_64_TO_32_BIT_CONVERSION = YES;
				GCC_WARN_ABOUT_RETURN_TYPE = YES_ERROR;
				GCC_WARN_UNDECLARED_SELECTOR = YES;
				GCC_WARN_UNINITIALIZED_AUTOS = YES_AGGRESSIVE;
				GCC_WARN_UNUSED_FUNCTION = YES;
				GCC_WARN_UNUSED_VARIABLE = YES;
				IPHONEOS_DEPLOYMENT_TARGET = 16.0;
				MTL_ENABLE_DEBUG_INFO = INCLUDE_SOURCE;
				MTL_FAST_MATH = YES;
				ONLY_ACTIVE_ARCH = YES;
				SDKROOT = iphoneos;
				SWIFT_ACTIVE_COMPILATION_CONDITIONS = DEBUG;
				SWIFT_OPTIMIZATION_LEVEL = "-Onone";
			};
			name = Debug;
		};
		A4521AD928E4C6D8007DE61E /* Release */ = {
			isa = XCBuildConfiguration;
			buildSettings = {
				ALWAYS_SEARCH_USER_PATHS = NO;
				CLANG_ANALYZER_NONNULL = YES;
				CLANG_ANALYZER_NUMBER_OBJECT_CONVERSION = YES_AGGRESSIVE;
				CLANG_CXX_LANGUAGE_STANDARD = "gnu++20";
				CLANG_ENABLE_MODULES = YES;
				CLANG_ENABLE_OBJC_ARC = YES;
				CLANG_ENABLE_OBJC_WEAK = YES;
				CLANG_WARN_BLOCK_CAPTURE_AUTORELEASING = YES;
				CLANG_WARN_BOOL_CONVERSION = YES;
				CLANG_WARN_COMMA = YES;
				CLANG_WARN_CONSTANT_CONVERSION = YES;
				CLANG_WARN_DEPRECATED_OBJC_IMPLEMENTATIONS = YES;
				CLANG_WARN_DIRECT_OBJC_ISA_USAGE = YES_ERROR;
				CLANG_WARN_DOCUMENTATION_COMMENTS = YES;
				CLANG_WARN_EMPTY_BODY = YES;
				CLANG_WARN_ENUM_CONVERSION = YES;
				CLANG_WARN_INFINITE_RECURSION = YES;
				CLANG_WARN_INT_CONVERSION = YES;
				CLANG_WARN_NON_LITERAL_NULL_CONVERSION = YES;
				CLANG_WARN_OBJC_IMPLICIT_RETAIN_SELF = YES;
				CLANG_WARN_OBJC_LITERAL_CONVERSION = YES;
				CLANG_WARN_OBJC_ROOT_CLASS = YES_ERROR;
				CLANG_WARN_QUOTED_INCLUDE_IN_FRAMEWORK_HEADER = YES;
				CLANG_WARN_RANGE_LOOP_ANALYSIS = YES;
				CLANG_WARN_STRICT_PROTOTYPES = YES;
				CLANG_WARN_SUSPICIOUS_MOVE = YES;
				CLANG_WARN_UNGUARDED_AVAILABILITY = YES_AGGRESSIVE;
				CLANG_WARN_UNREACHABLE_CODE = YES;
				CLANG_WARN__DUPLICATE_METHOD_MATCH = YES;
				COPY_PHASE_STRIP = NO;
				DEBUG_INFORMATION_FORMAT = "dwarf-with-dsym";
				ENABLE_NS_ASSERTIONS = NO;
				ENABLE_STRICT_OBJC_MSGSEND = YES;
				GCC_C_LANGUAGE_STANDARD = gnu11;
				GCC_NO_COMMON_BLOCKS = YES;
				GCC_WARN_64_TO_32_BIT_CONVERSION = YES;
				GCC_WARN_ABOUT_RETURN_TYPE = YES_ERROR;
				GCC_WARN_UNDECLARED_SELECTOR = YES;
				GCC_WARN_UNINITIALIZED_AUTOS = YES_AGGRESSIVE;
				GCC_WARN_UNUSED_FUNCTION = YES;
				GCC_WARN_UNUSED_VARIABLE = YES;
				IPHONEOS_DEPLOYMENT_TARGET = 16.0;
				MTL_ENABLE_DEBUG_INFO = NO;
				MTL_FAST_MATH = YES;
				SDKROOT = iphoneos;
				SWIFT_COMPILATION_MODE = wholemodule;
				SWIFT_OPTIMIZATION_LEVEL = "-O";
				VALIDATE_PRODUCT = YES;
			};
			name = Release;
		};
		A4521ADB28E4C6D8007DE61E /* Debug */ = {
			isa = XCBuildConfiguration;
			buildSettings = {
				ASSETCATALOG_COMPILER_APPICON_NAME = AppIcon;
				ASSETCATALOG_COMPILER_GLOBAL_ACCENT_COLOR_NAME = AccentColor;
				CODE_SIGN_STYLE = Automatic;
				CURRENT_PROJECT_VERSION = 1;
				DEVELOPMENT_ASSET_PATHS = "\"Africa/Preview Content\"";
				DEVELOPMENT_TEAM = 864N8V85P8;
				ENABLE_PREVIEWS = YES;
				GENERATE_INFOPLIST_FILE = YES;
				INFOPLIST_FILE = Africa/Info.plist;
				INFOPLIST_KEY_UIApplicationSceneManifest_Generation = YES;
				INFOPLIST_KEY_UIApplicationSupportsIndirectInputEvents = YES;
				INFOPLIST_KEY_UISupportedInterfaceOrientations_iPad = "UIInterfaceOrientationPortrait UIInterfaceOrientationPortraitUpsideDown UIInterfaceOrientationLandscapeLeft UIInterfaceOrientationLandscapeRight";
				INFOPLIST_KEY_UISupportedInterfaceOrientations_iPhone = "UIInterfaceOrientationPortrait UIInterfaceOrientationLandscapeLeft UIInterfaceOrientationLandscapeRight";
				INFOPLIST_KEY_UIUserInterfaceStyle = Dark;
				LD_RUNPATH_SEARCH_PATHS = (
					"$(inherited)",
					"@executable_path/Frameworks",
				);
				MARKETING_VERSION = 1.0;
				PRODUCT_BUNDLE_IDENTIFIER = ozturkbasrii.Africa;
				PRODUCT_NAME = "$(TARGET_NAME)";
				SWIFT_EMIT_LOC_STRINGS = YES;
				SWIFT_VERSION = 5.0;
				TARGETED_DEVICE_FAMILY = "1,2";
			};
			name = Debug;
		};
		A4521ADC28E4C6D8007DE61E /* Release */ = {
			isa = XCBuildConfiguration;
			buildSettings = {
				ASSETCATALOG_COMPILER_APPICON_NAME = AppIcon;
				ASSETCATALOG_COMPILER_GLOBAL_ACCENT_COLOR_NAME = AccentColor;
				CODE_SIGN_STYLE = Automatic;
				CURRENT_PROJECT_VERSION = 1;
				DEVELOPMENT_ASSET_PATHS = "\"Africa/Preview Content\"";
				DEVELOPMENT_TEAM = 864N8V85P8;
				ENABLE_PREVIEWS = YES;
				GENERATE_INFOPLIST_FILE = YES;
				INFOPLIST_FILE = Africa/Info.plist;
				INFOPLIST_KEY_UIApplicationSceneManifest_Generation = YES;
				INFOPLIST_KEY_UIApplicationSupportsIndirectInputEvents = YES;
				INFOPLIST_KEY_UISupportedInterfaceOrientations_iPad = "UIInterfaceOrientationPortrait UIInterfaceOrientationPortraitUpsideDown UIInterfaceOrientationLandscapeLeft UIInterfaceOrientationLandscapeRight";
				INFOPLIST_KEY_UISupportedInterfaceOrientations_iPhone = "UIInterfaceOrientationPortrait UIInterfaceOrientationLandscapeLeft UIInterfaceOrientationLandscapeRight";
				INFOPLIST_KEY_UIUserInterfaceStyle = Dark;
				LD_RUNPATH_SEARCH_PATHS = (
					"$(inherited)",
					"@executable_path/Frameworks",
				);
				MARKETING_VERSION = 1.0;
				PRODUCT_BUNDLE_IDENTIFIER = ozturkbasrii.Africa;
				PRODUCT_NAME = "$(TARGET_NAME)";
				SWIFT_EMIT_LOC_STRINGS = YES;
				SWIFT_VERSION = 5.0;
				TARGETED_DEVICE_FAMILY = "1,2";
			};
			name = Release;
		};
/* End XCBuildConfiguration section */

/* Begin XCConfigurationList section */
		A4521AC728E4C6D7007DE61E /* Build configuration list for PBXProject "Africa" */ = {
			isa = XCConfigurationList;
			buildConfigurations = (
				A4521AD828E4C6D8007DE61E /* Debug */,
				A4521AD928E4C6D8007DE61E /* Release */,
			);
			defaultConfigurationIsVisible = 0;
			defaultConfigurationName = Release;
		};
		A4521ADA28E4C6D8007DE61E /* Build configuration list for PBXNativeTarget "Africa" */ = {
			isa = XCConfigurationList;
			buildConfigurations = (
				A4521ADB28E4C6D8007DE61E /* Debug */,
				A4521ADC28E4C6D8007DE61E /* Release */,
			);
			defaultConfigurationIsVisible = 0;
			defaultConfigurationName = Release;
		};
/* End XCConfigurationList section */
	};
	rootObject = A4521AC428E4C6D7007DE61E /* Project object */;
}
